
Microsoft Visual Studio Solution File, Format Version 12.00
# Visual Studio Version 17
VisualStudioVersion = 17.11.35219.272
MinimumVisualStudioVersion = 10.0.40219.1
Project("{FAE04EC0-301F-11D3-BF4B-00C04F79EFBC}") = "Week3-3", "Week3-3\Week3-3.csproj", "{9DCA5392-5DC8-4B36-B6BD-EC03E3E82379}"
EndProject
Global
	GlobalSection(SolutionConfigurationPlatforms) = preSolution
		Debug|Any CPU = Debug|Any CPU
		Release|Any CPU = Release|Any CPU
	EndGlobalSection
	GlobalSection(ProjectConfigurationPlatforms) = postSolution
		{9DCA5392-5DC8-4B36-B6BD-EC03E3E82379}.Debug|Any CPU.ActiveCfg = Debug|Any CPU
		{9DCA5392-5DC8-4B36-B6BD-EC03E3E82379}.Debug|Any CPU.Build.0 = Debug|Any CPU
		{9DCA5392-5DC8-4B36-B6BD-EC03E3E82379}.Release|Any CPU.ActiveCfg = Release|Any CPU
		{9DCA5392-5DC8-4B36-B6BD-EC03E3E82379}.Release|Any CPU.Build.0 = Release|Any CPU
	EndGlobalSection
	GlobalSection(SolutionProperties) = preSolution
		HideSolutionNode = FALSE
	EndGlobalSection
	GlobalSection(ExtensibilityGlobals) = postSolution
		SolutionGuid = {08975BA4-7FFB-4F26-9D04-F30D22BC8B75}
	EndGlobalSection
EndGlobal
